
Microsoft Visual Studio Solution File, Format Version 12.00
# Visual Studio 15
Project("{FAE04EC0-301F-11D3-BF4B-00C04F79EFBC}") = "Assembly-CSharp", "Assembly-CSharp.csproj", "{74F4BA5B-C5FA-E45D-00F3-08403FFBA24B}"
EndProject
Project("{FAE04EC0-301F-11D3-BF4B-00C04F79EFBC}") = "Assembly-CSharp-Editor", "Assembly-CSharp-Editor.csproj", "{05B6C880-3E32-CA0C-CB6E-263CB47F2286}"
EndProject
Global
	GlobalSection(SolutionConfigurationPlatforms) = preSolution
		Debug|Any CPU = Debug|Any CPU
		Release|Any CPU = Release|Any CPU
	EndGlobalSection
	GlobalSection(ProjectConfigurationPlatforms) = postSolution
		{74F4BA5B-C5FA-E45D-00F3-08403FFBA24B}.Debug|Any CPU.ActiveCfg = Debug|Any CPU
		{74F4BA5B-C5FA-E45D-00F3-08403FFBA24B}.Debug|Any CPU.Build.0 = Debug|Any CPU
		{74F4BA5B-C5FA-E45D-00F3-08403FFBA24B}.Release|Any CPU.ActiveCfg = Release|Any CPU
		{74F4BA5B-C5FA-E45D-00F3-08403FFBA24B}.Release|Any CPU.Build.0 = Release|Any CPU
		{05B6C880-3E32-CA0C-CB6E-263CB47F2286}.Debug|Any CPU.ActiveCfg = Debug|Any CPU
		{05B6C880-3E32-CA0C-CB6E-263CB47F2286}.Debug|Any CPU.Build.0 = Debug|Any CPU
		{05B6C880-3E32-CA0C-CB6E-263CB47F2286}.Release|Any CPU.ActiveCfg = Release|Any CPU
		{05B6C880-3E32-CA0C-CB6E-263CB47F2286}.Release|Any CPU.Build.0 = Release|Any CPU
	EndGlobalSection
	GlobalSection(SolutionProperties) = preSolution
		HideSolutionNode = FALSE
	EndGlobalSection
EndGlobal
